// !$*UTF8*$!
{
	archiveVersion = 1;
	classes = {
	};
	objectVersion = 55;
	objects = {

/* Begin PBXBuildFile section */
		48BBA5F5277ECE2D008FD5A5 /* AppDelegate.swift in Sources */ = {isa = PBXBuildFile; fileRef = 48BBA5F4277ECE2D008FD5A5 /* AppDelegate.swift */; };
		48BBA5F7277ECE2D008FD5A5 /* SceneDelegate.swift in Sources */ = {isa = PBXBuildFile; fileRef = 48BBA5F6277ECE2D008FD5A5 /* SceneDelegate.swift */; };
		48BBA5FC277ECE2D008FD5A5 /* Main.storyboard in Resources */ = {isa = PBXBuildFile; fileRef = 48BBA5FA277ECE2D008FD5A5 /* Main.storyboard */; };
		48BBA601277ECE31008FD5A5 /* LaunchScreen.storyboard in Resources */ = {isa = PBXBuildFile; fileRef = 48BBA5FF277ECE31008FD5A5 /* LaunchScreen.storyboard */; };
		48BBA609277ED09C008FD5A5 /* FlagTableViewController.swift in Sources */ = {isa = PBXBuildFile; fileRef = 48BBA608277ED09C008FD5A5 /* FlagTableViewController.swift */; };
		48BBA60B277ED508008FD5A5 /* Assets.xcassets in Resources */ = {isa = PBXBuildFile; fileRef = 48BBA60A277ED508008FD5A5 /* Assets.xcassets */; };
		48BBA60D277EDB46008FD5A5 /* DetailsViewController.swift in Sources */ = {isa = PBXBuildFile; fileRef = 48BBA60C277EDB46008FD5A5 /* DetailsViewController.swift */; };
/* End PBXBuildFile section */

/* Begin PBXFileReference section */
		48BBA5F1277ECE2D008FD5A5 /* Project 1-3.app */ = {isa = PBXFileReference; explicitFileType = wrapper.application; includeInIndex = 0; path = "Project 1-3.app"; sourceTree = BUILT_PRODUCTS_DIR; };
		48BBA5F4277ECE2D008FD5A5 /* AppDelegate.swift */ = {isa = PBXFileReference; lastKnownFileType = sourcecode.swift; path = AppDelegate.swift; sourceTree = "<group>"; };
		48BBA5F6277ECE2D008FD5A5 /* SceneDelegate.swift */ = {isa = PBXFileReference; lastKnownFileType = sourcecode.swift; path = SceneDelegate.swift; sourceTree = "<group>"; };
		48BBA5FB277ECE2D008FD5A5 /* Base */ = {isa = PBXFileReference; lastKnownFileType = file.storyboard; name = Base; path = Base.lproj/Main.storyboard; sourceTree = "<group>"; };
		48BBA600277ECE31008FD5A5 /* Base */ = {isa = PBXFileReference; lastKnownFileType = file.storyboard; name = Base; path = Base.lproj/LaunchScreen.storyboard; sourceTree = "<group>"; };
		48BBA602277ECE31008FD5A5 /* Info.plist */ = {isa = PBXFileReference; lastKnownFileType = text.plist.xml; path = Info.plist; sourceTree = "<group>"; };
		48BBA608277ED09C008FD5A5 /* FlagTableViewController.swift */ = {isa = PBXFileReference; lastKnownFileType = sourcecode.swift; path = FlagTableViewController.swift; sourceTree = "<group>"; };
		48BBA60A277ED508008FD5A5 /* Assets.xcassets */ = {isa = PBXFileReference; lastKnownFileType = folder.assetcatalog; path = Assets.xcassets; sourceTree = "<group>"; };
		48BBA60C277EDB46008FD5A5 /* DetailsViewController.swift */ = {isa = PBXFileReference; lastKnownFileType = sourcecode.swift; path = DetailsViewController.swift; sourceTree = "<group>"; };
/* End PBXFileReference section */

/* Begin PBXFrameworksBuildPhase section */
		48BBA5EE277ECE2D008FD5A5 /* Frameworks */ = {
			isa = PBXFrameworksBuildPhase;
			buildActionMask = 2147483647;
			files = (
			);
			runOnlyForDeploymentPostprocessing = 0;
		};
/* End PBXFrameworksBuildPhase section */

/* Begin PBXGroup section */
		48BBA5E8277ECE2D008FD5A5 = {
			isa = PBXGroup;
			children = (
				48BBA5F3277ECE2D008FD5A5 /* Project 1-3 */,
				48BBA5F2277ECE2D008FD5A5 /* Products */,
			);
			sourceTree = "<group>";
		};
		48BBA5F2277ECE2D008FD5A5 /* Products */ = {
			isa = PBXGroup;
			children = (
				48BBA5F1277ECE2D008FD5A5 /* Project 1-3.app */,
			);
			name = Products;
			sourceTree = "<group>";
		};
		48BBA5F3277ECE2D008FD5A5 /* Project 1-3 */ = {
			isa = PBXGroup;
			children = (
				48BBA5F4277ECE2D008FD5A5 /* AppDelegate.swift */,
				48BBA5F6277ECE2D008FD5A5 /* SceneDelegate.swift */,
				48BBA608277ED09C008FD5A5 /* FlagTableViewController.swift */,
				48BBA60C277EDB46008FD5A5 /* DetailsViewController.swift */,
				48BBA5FA277ECE2D008FD5A5 /* Main.storyboard */,
				48BBA5FF277ECE31008FD5A5 /* LaunchScreen.storyboard */,
				48BBA60A277ED508008FD5A5 /* Assets.xcassets */,
				48BBA602277ECE31008FD5A5 /* Info.plist */,
			);
			path = "Project 1-3";
			sourceTree = "<group>";
		};
/* End PBXGroup section */

/* Begin PBXNativeTarget section */
		48BBA5F0277ECE2D008FD5A5 /* Project 1-3 */ = {
			isa = PBXNativeTarget;
			buildConfigurationList = 48BBA605277ECE31008FD5A5 /* Build configuration list for PBXNativeTarget "Project 1-3" */;
			buildPhases = (
				48BBA5ED277ECE2D008FD5A5 /* Sources */,
				48BBA5EE277ECE2D008FD5A5 /* Frameworks */,
				48BBA5EF277ECE2D008FD5A5 /* Resources */,
			);
			buildRules = (
			);
			dependencies = (
			);
			name = "Project 1-3";
			productName = "Project 1-3";
			productReference = 48BBA5F1277ECE2D008FD5A5 /* Project 1-3.app */;
			productType = "com.apple.product-type.application";
		};
/* End PBXNativeTarget section */

/* Begin PBXProject section */
		48BBA5E9277ECE2D008FD5A5 /* Project object */ = {
			isa = PBXProject;
			attributes = {
				BuildIndependentTargetsInParallel = 1;
				LastSwiftUpdateCheck = 1320;
				LastUpgradeCheck = 1320;
				TargetAttributes = {
					48BBA5F0277ECE2D008FD5A5 = {
						CreatedOnToolsVersion = 13.2.1;
					};
				};
			};
			buildConfigurationList = 48BBA5EC277ECE2D008FD5A5 /* Build configuration list for PBXProject "Project 1-3" */;
			compatibilityVersion = "Xcode 13.0";
			developmentRegion = en;
			hasScannedForEncodings = 0;
			knownRegions = (
				en,
				Base,
			);
			mainGroup = 48BBA5E8277ECE2D008FD5A5;
			productRefGroup = 48BBA5F2277ECE2D008FD5A5 /* Products */;
			projectDirPath = "";
			projectRoot = "";
			targets = (
				48BBA5F0277ECE2D008FD5A5 /* Project 1-3 */,
			);
		};
/* End PBXProject section */

/* Begin PBXResourcesBuildPhase section */
		48BBA5EF277ECE2D008FD5A5 /* Resources */ = {
			isa = PBXResourcesBuildPhase;
			buildActionMask = 2147483647;
			files = (
				48BBA601277ECE31008FD5A5 /* LaunchScreen.storyboard in Resources */,
				48BBA60B277ED508008FD5A5 /* Assets.xcassets in Resources */,
				48BBA5FC277ECE2D008FD5A5 /* Main.storyboard in Resources */,
			);
			runOnlyForDeploymentPostprocessing = 0;
		};
/* End PBXResourcesBuildPhase section */

/* Begin PBXSourcesBuildPhase section */
		48BBA5ED277ECE2D008FD5A5 /* Sources */ = {
			isa = PBXSourcesBuildPhase;
			buildActionMask = 2147483647;
			files = (
				48BBA5F5277ECE2D008FD5A5 /* AppDelegate.swift in Sources */,
				48BBA5F7277ECE2D008FD5A5 /* SceneDelegate.swift in Sources */,
				48BBA609277ED09C008FD5A5 /* FlagTableViewController.swift in Sources */,
				48BBA60D277EDB46008FD5A5 /* DetailsViewController.swift in Sources */,
			);
			runOnlyForDeploymentPostprocessing = 0;
		};
/* End PBXSourcesBuildPhase section */

/* Begin PBXVariantGroup section */
		48BBA5FA277ECE2D008FD5A5 /* Main.storyboard */ = {
			isa = PBXVariantGroup;
			children = (
				48BBA5FB277ECE2D008FD5A5 /* Base */,
			);
			name = Main.storyboard;
			sourceTree = "<group>";
		};
		48BBA5FF277ECE31008FD5A5 /* LaunchScreen.storyboard */ = {
			isa = PBXVariantGroup;
			children = (
				48BBA600277ECE31008FD5A5 /* Base */,
			);
			name = LaunchScreen.storyboard;
			sourceTree = "<group>";
		};
/* End PBXVariantGroup section */

/* Begin XCBuildConfiguration section */
		48BBA603277ECE31008FD5A5 /* Debug */ = {
			isa = XCBuildConfiguration;
			buildSettings = {
				ALWAYS_SEARCH_USER_PATHS = NO;
				CLANG_ANALYZER_NONNULL = YES;
				CLANG_ANALYZER_NUMBER_OBJECT_CONVERSION = YES_AGGRESSIVE;
				CLANG_CXX_LANGUAGE_STANDARD = "gnu++17";
				CLANG_CXX_LIBRARY = "libc++";
				CLANG_ENABLE_MODULES = YES;
				CLANG_ENABLE_OBJC_ARC = YES;
				CLANG_ENABLE_OBJC_WEAK = YES;
				CLANG_WARN_BLOCK_CAPTURE_AUTORELEASING = YES;
				CLANG_WARN_BOOL_CONVERSION = YES;
				CLANG_WARN_COMMA = YES;
				CLANG_WARN_CONSTANT_CONVERSION = YES;
				CLANG_WARN_DEPRECATED_OBJC_IMPLEMENTATIONS = YES;
				CLANG_WARN_DIRECT_OBJC_ISA_USAGE = YES_ERROR;
				CLANG_WARN_DOCUMENTATION_COMMENTS = YES;
				CLANG_WARN_EMPTY_BODY = YES;
				CLANG_WARN_ENUM_CONVERSION = YES;
				CLANG_WARN_INFINITE_RECURSION = YES;
				CLANG_WARN_INT_CONVERSION = YES;
				CLANG_WARN_NON_LITERAL_NULL_CONVERSION = YES;
				CLANG_WARN_OBJC_IMPLICIT_RETAIN_SELF = YES;
				CLANG_WARN_OBJC_LITERAL_CONVERSION = YES;
				CLANG_WARN_OBJC_ROOT_CLASS = YES_ERROR;
				CLANG_WARN_QUOTED_INCLUDE_IN_FRAMEWORK_HEADER = YES;
				CLANG_WARN_RANGE_LOOP_ANALYSIS = YES;
				CLANG_WARN_STRICT_PROTOTYPES = YES;
				CLANG_WARN_SUSPICIOUS_MOVE = YES;
				CLANG_WARN_UNGUARDED_AVAILABILITY = YES_AGGRESSIVE;
				CLANG_WARN_UNREACHABLE_CODE = YES;
				CLANG_WARN__DUPLICATE_METHOD_MATCH = YES;
				COPY_PHASE_STRIP = NO;
				DEBUG_INFORMATION_FORMAT = dwarf;
				ENABLE_STRICT_OBJC_MSGSEND = YES;
				ENABLE_TESTABILITY = YES;
				GCC_C_LANGUAGE_STANDARD = gnu11;
				GCC_DYNAMIC_NO_PIC = NO;
				GCC_NO_COMMON_BLOCKS = YES;
				GCC_OPTIMIZATION_LEVEL = 0;
				GCC_PREPROCESSOR_DEFINITIONS = (
					"DEBUG=1",
					"$(inherited)",
				);
				GCC_WARN_64_TO_32_BIT_CONVERSION = YES;
				GCC_WARN_ABOUT_RETURN_TYPE = YES_ERROR;
				GCC_WARN_UNDECLARED_SELECTOR = YES;
				GCC_WARN_UNINITIALIZED_AUTOS = YES_AGGRESSIVE;
				GCC_WARN_UNUSED_FUNCTION = YES;
				GCC_WARN_UNUSED_VARIABLE = YES;
				IPHONEOS_DEPLOYMENT_TARGET = 15.2;
				MTL_ENABLE_DEBUG_INFO = INCLUDE_SOURCE;
				MTL_FAST_MATH = YES;
				ONLY_ACTIVE_ARCH = YES;
				SDKROOT = iphoneos;
				SWIFT_ACTIVE_COMPILATION_CONDITIONS = DEBUG;
				SWIFT_OPTIMIZATION_LEVEL = "-Onone";
			};
			name = Debug;
		};
		48BBA604277ECE31008FD5A5 /* Release */ = {
			isa = XCBuildConfiguration;
			buildSettings = {
				ALWAYS_SEARCH_USER_PATHS = NO;
				CLANG_ANALYZER_NONNULL = YES;
				CLANG_ANALYZER_NUMBER_OBJECT_CONVERSION = YES_AGGRESSIVE;
				CLANG_CXX_LANGUAGE_STANDARD = "gnu++17";
				CLANG_CXX_LIBRARY = "libc++";
				CLANG_ENABLE_MODULES = YES;
				CLANG_ENABLE_OBJC_ARC = YES;
				CLANG_ENABLE_OBJC_WEAK = YES;
				CLANG_WARN_BLOCK_CAPTURE_AUTORELEASING = YES;
				CLANG_WARN_BOOL_CONVERSION = YES;
				CLANG_WARN_COMMA = YES;
				CLANG_WARN_CONSTANT_CONVERSION = YES;
				CLANG_WARN_DEPRECATED_OBJC_IMPLEMENTATIONS = YES;
				CLANG_WARN_DIRECT_OBJC_ISA_USAGE = YES_ERROR;
				CLANG_WARN_DOCUMENTATION_COMMENTS = YES;
				CLANG_WARN_EMPTY_BODY = YES;
				CLANG_WARN_ENUM_CONVERSION = YES;
				CLANG_WARN_INFINITE_RECURSION = YES;
				CLANG_WARN_INT_CONVERSION = YES;
				CLANG_WARN_NON_LITERAL_NULL_CONVERSION = YES;
				CLANG_WARN_OBJC_IMPLICIT_RETAIN_SELF = YES;
				CLANG_WARN_OBJC_LITERAL_CONVERSION = YES;
				CLANG_WARN_OBJC_ROOT_CLASS = YES_ERROR;
				CLANG_WARN_QUOTED_INCLUDE_IN_FRAMEWORK_HEADER = YES;
				CLANG_WARN_RANGE_LOOP_ANALYSIS = YES;
				CLANG_WARN_STRICT_PROTOTYPES = YES;
				CLANG_WARN_SUSPICIOUS_MOVE = YES;
				CLANG_WARN_UNGUARDED_AVAILABILITY = YES_AGGRESSIVE;
				CLANG_WARN_UNREACHABLE_CODE = YES;
				CLANG_WARN__DUPLICATE_METHOD_MATCH = YES;
				COPY_PHASE_STRIP = NO;
				DEBUG_INFORMATION_FORMAT = "dwarf-with-dsym";
				ENABLE_NS_ASSERTIONS = NO;
				ENABLE_STRICT_OBJC_MSGSEND = YES;
				GCC_C_LANGUAGE_STANDARD = gnu11;
				GCC_NO_COMMON_BLOCKS = YES;
				GCC_WARN_64_TO_32_BIT_CONVERSION = YES;
				GCC_WARN_ABOUT_RETURN_TYPE = YES_ERROR;
				GCC_WARN_UNDECLARED_SELECTOR = YES;
				GCC_WARN_UNINITIALIZED_AUTOS = YES_AGGRESSIVE;
				GCC_WARN_UNUSED_FUNCTION = YES;
				GCC_WARN_UNUSED_VARIABLE = YES;
				IPHONEOS_DEPLOYMENT_TARGET = 15.2;
				MTL_ENABLE_DEBUG_INFO = NO;
				MTL_FAST_MATH = YES;
				SDKROOT = iphoneos;
				SWIFT_COMPILATION_MODE = wholemodule;
				SWIFT_OPTIMIZATION_LEVEL = "-O";
				VALIDATE_PRODUCT = YES;
			};
			name = Release;
		};
		48BBA606277ECE31008FD5A5 /* Debug */ = {
			isa = XCBuildConfiguration;
			buildSettings = {
				ASSETCATALOG_COMPILER_APPICON_NAME = AppIcon;
				ASSETCATALOG_COMPILER_GLOBAL_ACCENT_COLOR_NAME = AccentColor;
				CODE_SIGN_STYLE = Automatic;
				CURRENT_PROJECT_VERSION = 1;
				DEVELOPMENT_TEAM = H8YQBNNYZ2;
				GENERATE_INFOPLIST_FILE = YES;
				INFOPLIST_FILE = "Project 1-3/Info.plist";
				INFOPLIST_KEY_UIApplicationSupportsIndirectInputEvents = YES;
				INFOPLIST_KEY_UILaunchStoryboardName = LaunchScreen;
				INFOPLIST_KEY_UIMainStoryboardFile = Main;
				INFOPLIST_KEY_UISupportedInterfaceOrientations_iPad = "UIInterfaceOrientationPortrait UIInterfaceOrientationPortraitUpsideDown UIInterfaceOrientationLandscapeLeft UIInterfaceOrientationLandscapeRight";
				INFOPLIST_KEY_UISupportedInterfaceOrientations_iPhone = "UIInterfaceOrientationPortrait UIInterfaceOrientationLandscapeLeft UIInterfaceOrientationLandscapeRight";
				LD_RUNPATH_SEARCH_PATHS = (
					"$(inherited)",
					"@executable_path/Frameworks",
				);
				MARKETING_VERSION = 1.0;
				PRODUCT_BUNDLE_IDENTIFIER = "com.johnpadilla.Project-1-3";
				PRODUCT_NAME = "$(TARGET_NAME)";
				SWIFT_EMIT_LOC_STRINGS = YES;
				SWIFT_VERSION = 5.0;
				TARGETED_DEVICE_FAMILY = "1,2";
			};
			name = Debug;
		};
		48BBA607277ECE31008FD5A5 /* Release */ = {
			isa = XCBuildConfiguration;
			buildSettings = {
				ASSETCATALOG_COMPILER_APPICON_NAME = AppIcon;
				ASSETCATALOG_COMPILER_GLOBAL_ACCENT_COLOR_NAME = AccentColor;
				CODE_SIGN_STYLE = Automatic;
				CURRENT_PROJECT_VERSION = 1;
				DEVELOPMENT_TEAM = H8YQBNNYZ2;
				GENERATE_INFOPLIST_FILE = YES;
				INFOPLIST_FILE = "Project 1-3/Info.plist";
				INFOPLIST_KEY_UIApplicationSupportsIndirectInputEvents = YES;
				INFOPLIST_KEY_UILaunchStoryboardName = LaunchScreen;
				INFOPLIST_KEY_UIMainStoryboardFile = Main;
				INFOPLIST_KEY_UISupportedInterfaceOrientations_iPad = "UIInterfaceOrientationPortrait UIInterfaceOrientationPortraitUpsideDown UIInterfaceOrientationLandscapeLeft UIInterfaceOrientationLandscapeRight";
				INFOPLIST_KEY_UISupportedInterfaceOrientations_iPhone = "UIInterfaceOrientationPortrait UIInterfaceOrientationLandscapeLeft UIInterfaceOrientationLandscapeRight";
				LD_RUNPATH_SEARCH_PATHS = (
					"$(inherited)",
					"@executable_path/Frameworks",
				);
				MARKETING_VERSION = 1.0;
				PRODUCT_BUNDLE_IDENTIFIER = "com.johnpadilla.Project-1-3";
				PRODUCT_NAME = "$(TARGET_NAME)";
				SWIFT_EMIT_LOC_STRINGS = YES;
				SWIFT_VERSION = 5.0;
				TARGETED_DEVICE_FAMILY = "1,2";
			};
			name = Release;
		};
/* End XCBuildConfiguration section */

/* Begin XCConfigurationList section */
		48BBA5EC277ECE2D008FD5A5 /* Build configuration list for PBXProject "Project 1-3" */ = {
			isa = XCConfigurationList;
			buildConfigurations = (
				48BBA603277ECE31008FD5A5 /* Debug */,
				48BBA604277ECE31008FD5A5 /* Release */,
			);
			defaultConfigurationIsVisible = 0;
			defaultConfigurationName = Release;
		};
		48BBA605277ECE31008FD5A5 /* Build configuration list for PBXNativeTarget "Project 1-3" */ = {
			isa = XCConfigurationList;
			buildConfigurations = (
				48BBA606277ECE31008FD5A5 /* Debug */,
				48BBA607277ECE31008FD5A5 /* Release */,
			);
			defaultConfigurationIsVisible = 0;
			defaultConfigurationName = Release;
		};
/* End XCConfigurationList section */
	};
	rootObject = 48BBA5E9277ECE2D008FD5A5 /* Project object */;
}
